
Microsoft Visual Studio Solution File, Format Version 12.00
# Visual Studio Version 17
VisualStudioVersion = 17.14.36811.4 d17.14
MinimumVisualStudioVersion = 10.0.40219.1
Project("{FAE04EC0-301F-11D3-BF4B-00C04F79EFBC}") = "L4D2ServerManager", "L4D2ServerManager\L4D2ServerManager.csproj", "{02C2793D-DB24-4012-B700-B6A70B86B4BC}"
EndProject
Global
	GlobalSection(SolutionConfigurationPlatforms) = preSolution
		Debug|Any CPU = Debug|Any CPU
		Release|Any CPU = Release|Any CPU
	EndGlobalSection
	GlobalSection(ProjectConfigurationPlatforms) = postSolution
		{02C2793D-DB24-4012-B700-B6A70B86B4BC}.Debug|Any CPU.ActiveCfg = Debug|Any CPU
		{02C2793D-DB24-4012-B700-B6A70B86B4BC}.Debug|Any CPU.Build.0 = Debug|Any CPU
		{02C2793D-DB24-4012-B700-B6A70B86B4BC}.Release|Any CPU.ActiveCfg = Release|Any CPU
		{02C2793D-DB24-4012-B700-B6A70B86B4BC}.Release|Any CPU.Build.0 = Release|Any CPU
	EndGlobalSection
	GlobalSection(SolutionProperties) = preSolution
		HideSolutionNode = FALSE
	EndGlobalSection
	GlobalSection(ExtensibilityGlobals) = postSolution
		SolutionGuid = {AF7F364D-CA09-47DF-A4E7-C60350F48269}
	EndGlobalSection
EndGlobal
